
Microsoft Visual Studio Solution File, Format Version 12.00
# Visual Studio 15
VisualStudioVersion = 15.0.34112.143
MinimumVisualStudioVersion = 10.0.40219.1
Project("{9A19103F-16F7-4668-BE54-9A1E7A4F7556}") = "ProductMicroservice", "ProductMicroservice\ProductMicroservice.csproj", "{642819A8-087D-4FE9-BEE8-9A84074DB173}"
EndProject
Project("{E53339B2-1760-4266-BCC7-CA923CBCF16C}") = "docker-compose", "docker-compose.dcproj", "{2FCD685E-AA4D-41E1-8900-C0615D77D94D}"
EndProject
Global
	GlobalSection(SolutionConfigurationPlatforms) = preSolution
		Debug|Any CPU = Debug|Any CPU
		Release|Any CPU = Release|Any CPU
	EndGlobalSection
	GlobalSection(ProjectConfigurationPlatforms) = postSolution
		{642819A8-087D-4FE9-BEE8-9A84074DB173}.Debug|Any CPU.ActiveCfg = Debug|Any CPU
		{642819A8-087D-4FE9-BEE8-9A84074DB173}.Debug|Any CPU.Build.0 = Debug|Any CPU
		{642819A8-087D-4FE9-BEE8-9A84074DB173}.Release|Any CPU.ActiveCfg = Release|Any CPU
		{642819A8-087D-4FE9-BEE8-9A84074DB173}.Release|Any CPU.Build.0 = Release|Any CPU
		{2FCD685E-AA4D-41E1-8900-C0615D77D94D}.Debug|Any CPU.ActiveCfg = Debug|Any CPU
		{2FCD685E-AA4D-41E1-8900-C0615D77D94D}.Debug|Any CPU.Build.0 = Debug|Any CPU
		{2FCD685E-AA4D-41E1-8900-C0615D77D94D}.Release|Any CPU.ActiveCfg = Release|Any CPU
		{2FCD685E-AA4D-41E1-8900-C0615D77D94D}.Release|Any CPU.Build.0 = Release|Any CPU
	EndGlobalSection
	GlobalSection(SolutionProperties) = preSolution
		HideSolutionNode = FALSE
	EndGlobalSection
	GlobalSection(ExtensibilityGlobals) = postSolution
		SolutionGuid = {869C4DCC-13C5-4961-ADF1-BB09481BCDC9}
	EndGlobalSection
EndGlobal
